
Microsoft Visual Studio Solution File, Format Version 12.00
# Visual Studio Version 16
VisualStudioVersion = 16.0.29519.87
MinimumVisualStudioVersion = 10.0.40219.1
Project("{FAE04EC0-301F-11D3-BF4B-00C04F79EFBC}") = "Task2", "Task2\Task2.csproj", "{F8D2007F-577D-43E3-8EB0-E555288000E1}"
EndProject
Global
	GlobalSection(SolutionConfigurationPlatforms) = preSolution
		Debug|Any CPU = Debug|Any CPU
		Release|Any CPU = Release|Any CPU
	EndGlobalSection
	GlobalSection(ProjectConfigurationPlatforms) = postSolution
		{F8D2007F-577D-43E3-8EB0-E555288000E1}.Debug|Any CPU.ActiveCfg = Debug|Any CPU
		{F8D2007F-577D-43E3-8EB0-E555288000E1}.Debug|Any CPU.Build.0 = Debug|Any CPU
		{F8D2007F-577D-43E3-8EB0-E555288000E1}.Release|Any CPU.ActiveCfg = Release|Any CPU
		{F8D2007F-577D-43E3-8EB0-E555288000E1}.Release|Any CPU.Build.0 = Release|Any CPU
	EndGlobalSection
	GlobalSection(SolutionProperties) = preSolution
		HideSolutionNode = FALSE
	EndGlobalSection
	GlobalSection(ExtensibilityGlobals) = postSolution
		SolutionGuid = {F6D3B033-3124-4300-B83E-57E0CEFD1CFB}
	EndGlobalSection
EndGlobal
